
Microsoft Visual Studio Solution File, Format Version 12.00
# Visual Studio Version 16
VisualStudioVersion = 16.0.31005.135
MinimumVisualStudioVersion = 10.0.40219.1
Project("{9A19103F-16F7-4668-BE54-9A1E7A4F7556}") = "RadioRest", "RadioRest\RadioRest.csproj", "{2EAF3A1B-96DB-4786-AE37-781C5D6426D7}"
EndProject
Project("{FAE04EC0-301F-11D3-BF4B-00C04F79EFBC}") = "RadioUnitTest", "RadioUnitTest\RadioUnitTest.csproj", "{C2846FED-0AFE-4627-9306-67DE1EF11E30}"
EndProject
Global
	GlobalSection(SolutionConfigurationPlatforms) = preSolution
		Debug|Any CPU = Debug|Any CPU
		Release|Any CPU = Release|Any CPU
	EndGlobalSection
	GlobalSection(ProjectConfigurationPlatforms) = postSolution
		{2EAF3A1B-96DB-4786-AE37-781C5D6426D7}.Debug|Any CPU.ActiveCfg = Debug|Any CPU
		{2EAF3A1B-96DB-4786-AE37-781C5D6426D7}.Debug|Any CPU.Build.0 = Debug|Any CPU
		{2EAF3A1B-96DB-4786-AE37-781C5D6426D7}.Release|Any CPU.ActiveCfg = Release|Any CPU
		{2EAF3A1B-96DB-4786-AE37-781C5D6426D7}.Release|Any CPU.Build.0 = Release|Any CPU
		{C2846FED-0AFE-4627-9306-67DE1EF11E30}.Debug|Any CPU.ActiveCfg = Debug|Any CPU
		{C2846FED-0AFE-4627-9306-67DE1EF11E30}.Debug|Any CPU.Build.0 = Debug|Any CPU
		{C2846FED-0AFE-4627-9306-67DE1EF11E30}.Release|Any CPU.ActiveCfg = Release|Any CPU
		{C2846FED-0AFE-4627-9306-67DE1EF11E30}.Release|Any CPU.Build.0 = Release|Any CPU
	EndGlobalSection
	GlobalSection(SolutionProperties) = preSolution
		HideSolutionNode = FALSE
	EndGlobalSection
	GlobalSection(ExtensibilityGlobals) = postSolution
		SolutionGuid = {5263FAE0-C6D7-4B20-A352-6A52E9F856F0}
	EndGlobalSection
EndGlobal
